
Microsoft Visual Studio Solution File, Format Version 12.00
# Visual Studio 15
VisualStudioVersion = 15.0.28010.2003
MinimumVisualStudioVersion = 10.0.40219.1
Project("{2150E333-8FDC-42A3-9474-1A3956D46DE8}") = "_SolutionItems", "_SolutionItems", "{61FC87E3-2CC9-418C-9867-7C752D7B96BB}"
	ProjectSection(SolutionItems) = preProject
		.coveralls.yml = .coveralls.yml
		.gitignore = .gitignore
		appveyor.yml = appveyor.yml
		README.md = README.md
	EndProjectSection
EndProject
Project("{2150E333-8FDC-42A3-9474-1A3956D46DE8}") = "Samples", "Samples", "{18C0E0CF-18DA-4310-9553-6DD54EA34B14}"
EndProject
Project("{9A19103F-16F7-4668-BE54-9A1E7A4F7556}") = "AutoMockHelper.Samples.Logic", "AutoMockHelper.Samples.Logic\AutoMockHelper.Samples.Logic.csproj", "{27974EF4-B385-4721-80A3-DDDBCC2787D8}"
EndProject
Project("{9A19103F-16F7-4668-BE54-9A1E7A4F7556}") = "AutoMockHelper.Core", "AutoMockHelper.Core\AutoMockHelper.Core.csproj", "{F22C61DD-9795-498F-98BC-014DC9AD5E3D}"
EndProject
Project("{9A19103F-16F7-4668-BE54-9A1E7A4F7556}") = "AutoMockHelper.Samples.MSTest", "AutoMockHelper.Samples.MSTest\AutoMockHelper.Samples.MSTest.csproj", "{9EF6E29D-4B7E-4E46-90E0-ED69CCAC584B}"
EndProject
Project("{9A19103F-16F7-4668-BE54-9A1E7A4F7556}") = "AutoMockHelper.Samples.NUnit", "AutoMockHelper.Samples.NUnit\AutoMockHelper.Samples.NUnit.csproj", "{7CFCE573-8EB2-441C-B0E3-EDE369D6EA66}"
EndProject
Project("{9A19103F-16F7-4668-BE54-9A1E7A4F7556}") = "AutoMockHelper.Samples.xUnit", "AutoMockHelper.Samples.xUnit\AutoMockHelper.Samples.xUnit.csproj", "{609ED37E-E1A9-4262-ADA1-D2281ADB61F7}"
EndProject
Project("{9A19103F-16F7-4668-BE54-9A1E7A4F7556}") = "AutoMockHelper.Tests", "AutoMockHelper.Tests\AutoMockHelper.Tests.csproj", "{858931F2-A85F-47D2-B333-6FA1FB34097C}"
EndProject
Global
	GlobalSection(SolutionConfigurationPlatforms) = preSolution
		Debug|Any CPU = Debug|Any CPU
		Release|Any CPU = Release|Any CPU
	EndGlobalSection
	GlobalSection(ProjectConfigurationPlatforms) = postSolution
		{27974EF4-B385-4721-80A3-DDDBCC2787D8}.Debug|Any CPU.ActiveCfg = Debug|Any CPU
		{27974EF4-B385-4721-80A3-DDDBCC2787D8}.Debug|Any CPU.Build.0 = Debug|Any CPU
		{27974EF4-B385-4721-80A3-DDDBCC2787D8}.Release|Any CPU.ActiveCfg = Release|Any CPU
		{27974EF4-B385-4721-80A3-DDDBCC2787D8}.Release|Any CPU.Build.0 = Release|Any CPU
		{F22C61DD-9795-498F-98BC-014DC9AD5E3D}.Debug|Any CPU.ActiveCfg = Debug|Any CPU
		{F22C61DD-9795-498F-98BC-014DC9AD5E3D}.Debug|Any CPU.Build.0 = Debug|Any CPU
		{F22C61DD-9795-498F-98BC-014DC9AD5E3D}.Release|Any CPU.ActiveCfg = Release|Any CPU
		{F22C61DD-9795-498F-98BC-014DC9AD5E3D}.Release|Any CPU.Build.0 = Release|Any CPU
		{9EF6E29D-4B7E-4E46-90E0-ED69CCAC584B}.Debug|Any CPU.ActiveCfg = Debug|Any CPU
		{9EF6E29D-4B7E-4E46-90E0-ED69CCAC584B}.Debug|Any CPU.Build.0 = Debug|Any CPU
		{9EF6E29D-4B7E-4E46-90E0-ED69CCAC584B}.Release|Any CPU.ActiveCfg = Release|Any CPU
		{9EF6E29D-4B7E-4E46-90E0-ED69CCAC584B}.Release|Any CPU.Build.0 = Release|Any CPU
		{7CFCE573-8EB2-441C-B0E3-EDE369D6EA66}.Debug|Any CPU.ActiveCfg = Debug|Any CPU
		{7CFCE573-8EB2-441C-B0E3-EDE369D6EA66}.Debug|Any CPU.Build.0 = Debug|Any CPU
		{7CFCE573-8EB2-441C-B0E3-EDE369D6EA66}.Release|Any CPU.ActiveCfg = Release|Any CPU
		{7CFCE573-8EB2-441C-B0E3-EDE369D6EA66}.Release|Any CPU.Build.0 = Release|Any CPU
		{609ED37E-E1A9-4262-ADA1-D2281ADB61F7}.Debug|Any CPU.ActiveCfg = Debug|Any CPU
		{609ED37E-E1A9-4262-ADA1-D2281ADB61F7}.Debug|Any CPU.Build.0 = Debug|Any CPU
		{609ED37E-E1A9-4262-ADA1-D2281ADB61F7}.Release|Any CPU.ActiveCfg = Release|Any CPU
		{609ED37E-E1A9-4262-ADA1-D2281ADB61F7}.Release|Any CPU.Build.0 = Release|Any CPU
		{858931F2-A85F-47D2-B333-6FA1FB34097C}.Debug|Any CPU.ActiveCfg = Debug|Any CPU
		{858931F2-A85F-47D2-B333-6FA1FB34097C}.Debug|Any CPU.Build.0 = Debug|Any CPU
		{858931F2-A85F-47D2-B333-6FA1FB34097C}.Release|Any CPU.ActiveCfg = Release|Any CPU
		{858931F2-A85F-47D2-B333-6FA1FB34097C}.Release|Any CPU.Build.0 = Release|Any CPU
	EndGlobalSection
	GlobalSection(SolutionProperties) = preSolution
		HideSolutionNode = FALSE
	EndGlobalSection
	GlobalSection(NestedProjects) = preSolution
		{27974EF4-B385-4721-80A3-DDDBCC2787D8} = {18C0E0CF-18DA-4310-9553-6DD54EA34B14}
		{9EF6E29D-4B7E-4E46-90E0-ED69CCAC584B} = {18C0E0CF-18DA-4310-9553-6DD54EA34B14}
		{7CFCE573-8EB2-441C-B0E3-EDE369D6EA66} = {18C0E0CF-18DA-4310-9553-6DD54EA34B14}
		{609ED37E-E1A9-4262-ADA1-D2281ADB61F7} = {18C0E0CF-18DA-4310-9553-6DD54EA34B14}
	EndGlobalSection
	GlobalSection(ExtensibilityGlobals) = postSolution
		SolutionGuid = {DD10660A-F987-4167-94E3-635A316440B2}
	EndGlobalSection
EndGlobal
